github.com/coinpaprika/coinpaprika-api-go-client v2.4.0+incompatible h1:xDSI8VuSm+i97LfchRg1AsfX7HZ5JUrouLYBL993Ufg=
github.com/coinpaprika/coinpaprika-api-go-client v2.4.0+incompatible/go.mod h1:/Wyq4jTLPHVwBBo8xJRmEhZ2VeA1eD3mSjcT07YwsSo=
github.com/google/go-querystring v1.0.0 h1:Xkwi/a1rcvNg1PPYe5vI8GbeBY/jrVuDX5ASuANWTrk=
github.com/google/go-querystring v1.0.0/go.mod h1:odCYkC5MyYFN7vkCjXpyrEuKhc/BUO6wN/zVPAxq5ck=
github.com/mattn/go-sqlite3 v1.10.0 h1:jbhqpg7tQe4SupckyijYiy0mJJ/pRyHvXf7JdWK860o=
github.com/mattn/go-sqlite3 v1.10.0/go.mod h1:FPy6KqzDD04eiIsT53CuJW3U88zkxoIYsOqkbpncsNc=
